
Microsoft Visual Studio Solution File, Format Version 12.00
# Visual Studio 15
VisualStudioVersion = 15.0.28307.757
MinimumVisualStudioVersion = 10.0.40219.1
Project("{FAE04EC0-301F-11D3-BF4B-00C04F79EFBC}") = "WorkingTimeTrackingAPI", "WorkingTimeTrackingAPI\WorkingTimeTrackingAPI.csproj", "{D18BD3A7-58EA-4284-AEDF-C6DED47364CC}"
EndProject
Global
	GlobalSection(SolutionConfigurationPlatforms) = preSolution
		Debug|Any CPU = Debug|Any CPU
		Release|Any CPU = Release|Any CPU
	EndGlobalSection
	GlobalSection(ProjectConfigurationPlatforms) = postSolution
		{D18BD3A7-58EA-4284-AEDF-C6DED47364CC}.Debug|Any CPU.ActiveCfg = Debug|Any CPU
		{D18BD3A7-58EA-4284-AEDF-C6DED47364CC}.Debug|Any CPU.Build.0 = Debug|Any CPU
		{D18BD3A7-58EA-4284-AEDF-C6DED47364CC}.Release|Any CPU.ActiveCfg = Release|Any CPU
		{D18BD3A7-58EA-4284-AEDF-C6DED47364CC}.Release|Any CPU.Build.0 = Release|Any CPU
	EndGlobalSection
	GlobalSection(SolutionProperties) = preSolution
		HideSolutionNode = FALSE
	EndGlobalSection
	GlobalSection(ExtensibilityGlobals) = postSolution
		SolutionGuid = {A2F62BAB-1D25-4532-9F55-060D58A952B5}
	EndGlobalSection
EndGlobal
